
Microsoft Visual Studio Solution File, Format Version 12.00
# Visual Studio Version 16
VisualStudioVersion = 16.0.30503.244
MinimumVisualStudioVersion = 10.0.40219.1
Project("{9A19103F-16F7-4668-BE54-9A1E7A4F7556}") = "SculptGL", "SculptGL\SculptGL.csproj", "{BB32C14E-2A05-4B9B-B61A-C5987AA4CDA0}"
EndProject
Global
	GlobalSection(SolutionConfigurationPlatforms) = preSolution
		Debug|Any CPU = Debug|Any CPU
		Release|Any CPU = Release|Any CPU
	EndGlobalSection
	GlobalSection(ProjectConfigurationPlatforms) = postSolution
		{BB32C14E-2A05-4B9B-B61A-C5987AA4CDA0}.Debug|Any CPU.ActiveCfg = Debug|Any CPU
		{BB32C14E-2A05-4B9B-B61A-C5987AA4CDA0}.Debug|Any CPU.Build.0 = Debug|Any CPU
		{BB32C14E-2A05-4B9B-B61A-C5987AA4CDA0}.Release|Any CPU.ActiveCfg = Release|Any CPU
		{BB32C14E-2A05-4B9B-B61A-C5987AA4CDA0}.Release|Any CPU.Build.0 = Release|Any CPU
	EndGlobalSection
	GlobalSection(SolutionProperties) = preSolution
		HideSolutionNode = FALSE
	EndGlobalSection
	GlobalSection(ExtensibilityGlobals) = postSolution
		SolutionGuid = {4F842F3E-5C6A-4A05-87C6-A16632B44DDE}
	EndGlobalSection
EndGlobal
